
Microsoft Visual Studio Solution File, Format Version 12.00
# Visual Studio 2015
Project("{FAE04EC0-301F-11D3-BF4B-00C04F79EFBC}") = "SteamVR_NewProject", "SteamVR_NewProject.csproj", "{4BE27AC2-65D6-B422-9673-852BBB6E62AC}"
EndProject
Project("{FAE04EC0-301F-11D3-BF4B-00C04F79EFBC}") = "SteamVR_NewProject.Editor", "SteamVR_NewProject.Editor.csproj", "{473CC2BB-473F-1F9E-DF10-B9E71BB773BE}"
EndProject
Global
	GlobalSection(SolutionConfigurationPlatforms) = preSolution
		Debug|Any CPU = Debug|Any CPU
		Release|Any CPU = Release|Any CPU
	EndGlobalSection
	GlobalSection(ProjectConfigurationPlatforms) = postSolution
		{4BE27AC2-65D6-B422-9673-852BBB6E62AC}.Debug|Any CPU.ActiveCfg = Debug|Any CPU
		{4BE27AC2-65D6-B422-9673-852BBB6E62AC}.Debug|Any CPU.Build.0 = Debug|Any CPU
		{4BE27AC2-65D6-B422-9673-852BBB6E62AC}.Release|Any CPU.ActiveCfg = Release|Any CPU
		{4BE27AC2-65D6-B422-9673-852BBB6E62AC}.Release|Any CPU.Build.0 = Release|Any CPU
		{473CC2BB-473F-1F9E-DF10-B9E71BB773BE}.Debug|Any CPU.ActiveCfg = Debug|Any CPU
		{473CC2BB-473F-1F9E-DF10-B9E71BB773BE}.Debug|Any CPU.Build.0 = Debug|Any CPU
		{473CC2BB-473F-1F9E-DF10-B9E71BB773BE}.Release|Any CPU.ActiveCfg = Release|Any CPU
		{473CC2BB-473F-1F9E-DF10-B9E71BB773BE}.Release|Any CPU.Build.0 = Release|Any CPU
	EndGlobalSection
	GlobalSection(SolutionProperties) = preSolution
		HideSolutionNode = FALSE
	EndGlobalSection
EndGlobal
